# This file was autogenerated by Stack.
# You should not edit this file by hand.
# For more information, please see the documentation at:
#   https://docs.haskellstack.org/en/stable/lock_files

packages:
- completed:
    name: godot-haskell
    version: 3.1.0.0
    git: https://github.com/SimulaVR/godot-haskell.git
    pantry-tree:
      size: 65146
      sha256: f5db8a04b5898043c25a5de8f80c711a3a9019219e704a8f68d4da51169330c1
    commit: cabc06451292a9516ca34348094e8875d7b89816
  original:
    git: https://github.com/SimulaVR/godot-haskell.git
    commit: cabc06451292a9516ca34348094e8875d7b89816
snapshots:
- completed:
    size: 567677
    url: https://raw.githubusercontent.com/commercialhaskell/stackage-snapshots/master/lts/17/14.yaml
    sha256: 3740f22286bf5e6e3d82f88125e1c708b6e27847211f956b530aa5d83cf39383
  original: lts-17.14
